// !$*UTF8*$!
{
archiveVersion = 1; classes = {}; objectVersion = 56;
objects = {
CE0D4A099CB0B524627B4ED6 = { isa = PBXFileReference; lastKnownFileType = sourcecode.swift; path = "SubSense/App/AppModel.swift"; sourceTree = SOURCE_ROOT; };
BB83B6E2E1DA2F21C7881ADB = { isa = PBXBuildFile; fileRef = CE0D4A099CB0B524627B4ED6; };
56AF1702D8C405F70F0D1296 = { isa = PBXFileReference; lastKnownFileType = sourcecode.swift; path = "SubSense/App/SubSenseApp.swift"; sourceTree = SOURCE_ROOT; };
04BAF4A902CA28728804F6F7 = { isa = PBXBuildFile; fileRef = 56AF1702D8C405F70F0D1296; };
2D491DA0BA0E5FA43B3C14EA = { isa = PBXFileReference; lastKnownFileType = sourcecode.swift; path = "SubSense/Design/DesignSystem.swift"; sourceTree = SOURCE_ROOT; };
EA54942F53A0C2DD1D0BC3CD = { isa = PBXBuildFile; fileRef = 2D491DA0BA0E5FA43B3C14EA; };
C1D155E17025AB47EC023902 = { isa = PBXFileReference; lastKnownFileType = sourcecode.swift; path = "SubSense/Features/CopilotView.swift"; sourceTree = SOURCE_ROOT; };
0084C08BEF445C8BD2465A38 = { isa = PBXBuildFile; fileRef = C1D155E17025AB47EC023902; };
76ED15CEF78BE4A8ABF6C1A7 = { isa = PBXFileReference; lastKnownFileType = sourcecode.swift; path = "SubSense/Features/HomeView.swift"; sourceTree = SOURCE_ROOT; };
25F5DE4CA83017590E72493E = { isa = PBXBuildFile; fileRef = 76ED15CEF78BE4A8ABF6C1A7; };
B67DD8BBEDD8221417B8F541 = { isa = PBXFileReference; lastKnownFileType = sourcecode.swift; path = "SubSense/Features/InsightsView.swift"; sourceTree = SOURCE_ROOT; };
63D21FA930F80665C1053FB8 = { isa = PBXBuildFile; fileRef = B67DD8BBEDD8221417B8F541; };
3B0907A56EE350DFD1FA3030 = { isa = PBXFileReference; lastKnownFileType = sourcecode.swift; path = "SubSense/Features/OnboardingView.swift"; sourceTree = SOURCE_ROOT; };
67CD6828B237DE3480C4AED6 = { isa = PBXBuildFile; fileRef = 3B0907A56EE350DFD1FA3030; };
2531D1F1E9D29115856BD806 = { isa = PBXFileReference; lastKnownFileType = sourcecode.swift; path = "SubSense/Features/PaywallView.swift"; sourceTree = SOURCE_ROOT; };
70D8466DF69BB9ABDB6520FD = { isa = PBXBuildFile; fileRef = 2531D1F1E9D29115856BD806; };
9D4C9C78A10449F31CACC85F = { isa = PBXFileReference; lastKnownFileType = sourcecode.swift; path = "SubSense/Features/ReceiptScannerView.swift"; sourceTree = SOURCE_ROOT; };
5EB3D6FC156AAAFF67521B83 = { isa = PBXBuildFile; fileRef = 9D4C9C78A10449F31CACC85F; };
E1C4CD6B0A7228B66C16C65F = { isa = PBXFileReference; lastKnownFileType = sourcecode.swift; path = "SubSense/Features/RenewalCalendarView.swift"; sourceTree = SOURCE_ROOT; };
21CE5DE00F0A78C445BFD187 = { isa = PBXBuildFile; fileRef = E1C4CD6B0A7228B66C16C65F; };
A569084A25C12502CCD6EAB4 = { isa = PBXFileReference; lastKnownFileType = sourcecode.swift; path = "SubSense/Features/SettingsView.swift"; sourceTree = SOURCE_ROOT; };
A46142C03061DB186E8B3604 = { isa = PBXBuildFile; fileRef = A569084A25C12502CCD6EAB4; };
0A36D2F282D101E5F6C0D541 = { isa = PBXFileReference; lastKnownFileType = sourcecode.swift; path = "SubSense/Features/SubscriptionDetailView.swift"; sourceTree = SOURCE_ROOT; };
F365E126986E542FC79965E5 = { isa = PBXBuildFile; fileRef = 0A36D2F282D101E5F6C0D541; };
035198CF6AB163DF573AB85F = { isa = PBXFileReference; lastKnownFileType = sourcecode.swift; path = "SubSense/Features/SubscriptionsView.swift"; sourceTree = SOURCE_ROOT; };
7A98EEB55E95B9DA70A9503C = { isa = PBXBuildFile; fileRef = 035198CF6AB163DF573AB85F; };
CE2023A8C908FE22A4FFC4EC = { isa = PBXFileReference; lastKnownFileType = sourcecode.swift; path = "SubSense/Services/ExportService.swift"; sourceTree = SOURCE_ROOT; };
4717F36CC3153F4600EE59F1 = { isa = PBXBuildFile; fileRef = CE2023A8C908FE22A4FFC4EC; };
9EEB72602D03029796072514 = { isa = PBXFileReference; lastKnownFileType = sourcecode.swift; path = "SubSense/Services/NotificationManager.swift"; sourceTree = SOURCE_ROOT; };
7E74D6B80EC8D9133482C85F = { isa = PBXBuildFile; fileRef = 9EEB72602D03029796072514; };
B153D2F1E4BDC5CB0AD0C29F = { isa = PBXFileReference; lastKnownFileType = sourcecode.swift; path = "SubSense/Services/PortfolioRepository.swift"; sourceTree = SOURCE_ROOT; };
F01E4015F68CC53F3FDE076A = { isa = PBXBuildFile; fileRef = B153D2F1E4BDC5CB0AD0C29F; };
F10994DF9D32D54848105873 = { isa = PBXFileReference; lastKnownFileType = sourcecode.swift; path = "SubSense/Services/ReceiptOCR.swift"; sourceTree = SOURCE_ROOT; };
E52D1D8D410002971A7F05C6 = { isa = PBXBuildFile; fileRef = F10994DF9D32D54848105873; };
927F977D9D4FE38067886C6B = { isa = PBXFileReference; lastKnownFileType = sourcecode.swift; path = "SubSense/Services/StoreManager.swift"; sourceTree = SOURCE_ROOT; };
AA75688A6E8A04ABFC65B077 = { isa = PBXBuildFile; fileRef = 927F977D9D4FE38067886C6B; };
6805EC6AFDAFDBE18E2FF355 = { isa = PBXSourcesBuildPhase; buildActionMask = 2147483647; files = (BB83B6E2E1DA2F21C7881ADB, 04BAF4A902CA28728804F6F7, EA54942F53A0C2DD1D0BC3CD, 0084C08BEF445C8BD2465A38, 25F5DE4CA83017590E72493E, 63D21FA930F80665C1053FB8, 67CD6828B237DE3480C4AED6, 70D8466DF69BB9ABDB6520FD, 5EB3D6FC156AAAFF67521B83, 21CE5DE00F0A78C445BFD187, A46142C03061DB186E8B3604, F365E126986E542FC79965E5, 7A98EEB55E95B9DA70A9503C, 4717F36CC3153F4600EE59F1, 7E74D6B80EC8D9133482C85F, F01E4015F68CC53F3FDE076A, E52D1D8D410002971A7F05C6, AA75688A6E8A04ABFC65B077); runOnlyForDeploymentPostprocessing = 0; };
5BD3C44ED872B9C97C9F0032 = { isa = PBXFileReference; lastKnownFileType = sourcecode.swift; path = "SubSenseUITests/SubSenseUITests.swift"; sourceTree = SOURCE_ROOT; };
DDE6A09A146678CFC823BB27 = { isa = PBXBuildFile; fileRef = 5BD3C44ED872B9C97C9F0032; };
A6635B5FEDD6FB619279BD2B = { isa = PBXSourcesBuildPhase; buildActionMask = 2147483647; files = (DDE6A09A146678CFC823BB27); runOnlyForDeploymentPostprocessing = 0; };
1FF90008CD0AE8A22DE7F72B = { isa = PBXFileReference; lastKnownFileType = folder.assetcatalog; path = "SubSense/Resources/Assets.xcassets"; sourceTree = SOURCE_ROOT; };
ECF829CC7558C88755278A5A = { isa = PBXBuildFile; fileRef = 1FF90008CD0AE8A22DE7F72B; };
1488FFE2BE4EC41769DEA2B9 = { isa = PBXFileReference; lastKnownFileType = text.json.xcstrings; path = "SubSense/Resources/Localizable.xcstrings"; sourceTree = SOURCE_ROOT; };
C5C7F4959E5F8055F974AF74 = { isa = PBXBuildFile; fileRef = 1488FFE2BE4EC41769DEA2B9; };
CB65D5A905E9B8A4ACD2CD0D = { isa = PBXFileReference; lastKnownFileType = text.xml; path = "SubSense/Resources/PrivacyInfo.xcprivacy"; sourceTree = SOURCE_ROOT; };
F121C334756850CA98BAB249 = { isa = PBXBuildFile; fileRef = CB65D5A905E9B8A4ACD2CD0D; };
87DF60DE337FB58864343E39 = { isa = PBXResourcesBuildPhase; buildActionMask = 2147483647; files = (ECF829CC7558C88755278A5A, C5C7F4959E5F8055F974AF74, F121C334756850CA98BAB249); runOnlyForDeploymentPostprocessing = 0; };
F20173C62D3520D0675F41C2 = { isa = PBXFileReference; lastKnownFileType = text; path = "SubSense/Resources/SubSense.storekit"; sourceTree = SOURCE_ROOT; };
F58117D5A5E2E2F07B7A5553 = { isa = XCLocalSwiftPackageReference; relativePath = .; };
EA281641D145F2D9F91A3FA8 = { isa = XCSwiftPackageProductDependency; package = F58117D5A5E2E2F07B7A5553; productName = SubSenseCore; };
57725CDA03D140AC16E11B84 = { isa = PBXBuildFile; productRef = EA281641D145F2D9F91A3FA8; };
AF39DD055C3EF8226FBE929D = { isa = PBXFrameworksBuildPhase; buildActionMask = 2147483647; files = (57725CDA03D140AC16E11B84); runOnlyForDeploymentPostprocessing = 0; };
D6C04E321AC1AC815067AD02 = { isa = PBXFrameworksBuildPhase; buildActionMask = 2147483647; files = (); runOnlyForDeploymentPostprocessing = 0; };
C2B6AF95E5FB6AF04547C8EA = { isa = PBXFileReference; explicitFileType = wrapper.application; path = SubSense.app; sourceTree = BUILT_PRODUCTS_DIR; };
33C337BCD18D1B1C1B2EBA2C = { isa = PBXFileReference; explicitFileType = wrapper.cfbundle; path = SubSenseUITests.xctest; sourceTree = BUILT_PRODUCTS_DIR; };
FE0A091FDBFB3E9C31B7A1BD = { isa = PBXGroup; children = (C2B6AF95E5FB6AF04547C8EA, 33C337BCD18D1B1C1B2EBA2C); name = Products; sourceTree = "<group>"; };
2EB2D8158FC6EF9EB19CB439 = { isa = PBXGroup; children = (CE0D4A099CB0B524627B4ED6, 56AF1702D8C405F70F0D1296, 2D491DA0BA0E5FA43B3C14EA, C1D155E17025AB47EC023902, 76ED15CEF78BE4A8ABF6C1A7, B67DD8BBEDD8221417B8F541, 3B0907A56EE350DFD1FA3030, 2531D1F1E9D29115856BD806, 9D4C9C78A10449F31CACC85F, E1C4CD6B0A7228B66C16C65F, A569084A25C12502CCD6EAB4, 0A36D2F282D101E5F6C0D541, 035198CF6AB163DF573AB85F, CE2023A8C908FE22A4FFC4EC, 9EEB72602D03029796072514, B153D2F1E4BDC5CB0AD0C29F, F10994DF9D32D54848105873, 927F977D9D4FE38067886C6B, 5BD3C44ED872B9C97C9F0032, 1FF90008CD0AE8A22DE7F72B, 1488FFE2BE4EC41769DEA2B9, CB65D5A905E9B8A4ACD2CD0D, F20173C62D3520D0675F41C2, FE0A091FDBFB3E9C31B7A1BD); sourceTree = "<group>"; };
3A77CD648711364E9A877D62 = { isa = XCBuildConfiguration; buildSettings = { SDKROOT = "iphoneos"; IPHONEOS_DEPLOYMENT_TARGET = "17.0"; SWIFT_VERSION = "5.0"; CLANG_ENABLE_MODULES = "YES"; CODE_SIGN_STYLE = "Automatic"; TARGETED_DEVICE_FAMILY = "1,2"; SUPPORTS_MACCATALYST = "NO"; SUPPORTED_PLATFORMS = "iphoneos iphonesimulator"; GENERATE_INFOPLIST_FILE = "YES"; PRODUCT_BUNDLE_IDENTIFIER = "com.subsense.app"; PRODUCT_NAME = "SubSense"; MARKETING_VERSION = "1.0"; CURRENT_PROJECT_VERSION = "1"; INFOPLIST_FILE = "SubSense/Resources/Info.plist"; ASSETCATALOG_COMPILER_APPICON_NAME = "AppIcon"; INFOPLIST_KEY_UILaunchScreen_Generation = "YES"; INFOPLIST_KEY_UIApplicationSceneManifest_Generation = "YES"; SWIFT_EMIT_LOC_STRINGS = "YES"; LD_RUNPATH_SEARCH_PATHS = "$(inherited) @executable_path/Frameworks"; SWIFT_OPTIMIZATION_LEVEL = "-Onone"; SWIFT_ACTIVE_COMPILATION_CONDITIONS = "DEBUG"; ENABLE_TESTABILITY = "YES"; }; name = Debug; };
066776A1C212750E8BE506A2 = { isa = XCBuildConfiguration; buildSettings = { SDKROOT = "iphoneos"; IPHONEOS_DEPLOYMENT_TARGET = "17.0"; SWIFT_VERSION = "5.0"; CLANG_ENABLE_MODULES = "YES"; CODE_SIGN_STYLE = "Automatic"; TARGETED_DEVICE_FAMILY = "1,2"; SUPPORTS_MACCATALYST = "NO"; SUPPORTED_PLATFORMS = "iphoneos iphonesimulator"; GENERATE_INFOPLIST_FILE = "YES"; PRODUCT_BUNDLE_IDENTIFIER = "com.subsense.app"; PRODUCT_NAME = "SubSense"; MARKETING_VERSION = "1.0"; CURRENT_PROJECT_VERSION = "1"; INFOPLIST_FILE = "SubSense/Resources/Info.plist"; ASSETCATALOG_COMPILER_APPICON_NAME = "AppIcon"; INFOPLIST_KEY_UILaunchScreen_Generation = "YES"; INFOPLIST_KEY_UIApplicationSceneManifest_Generation = "YES"; SWIFT_EMIT_LOC_STRINGS = "YES"; LD_RUNPATH_SEARCH_PATHS = "$(inherited) @executable_path/Frameworks"; SWIFT_OPTIMIZATION_LEVEL = "-O"; }; name = Release; };
E74637B165740ECB46DC56F6 = { isa = XCConfigurationList; buildConfigurations = (3A77CD648711364E9A877D62, 066776A1C212750E8BE506A2); defaultConfigurationIsVisible = 0; defaultConfigurationName = Release; };
3211EEA1644E9AAFA648AB61 = { isa = XCBuildConfiguration; buildSettings = { SDKROOT = "iphoneos"; IPHONEOS_DEPLOYMENT_TARGET = "17.0"; SWIFT_VERSION = "5.0"; CLANG_ENABLE_MODULES = "YES"; CODE_SIGN_STYLE = "Automatic"; TARGETED_DEVICE_FAMILY = "1,2"; SUPPORTS_MACCATALYST = "NO"; SUPPORTED_PLATFORMS = "iphoneos iphonesimulator"; GENERATE_INFOPLIST_FILE = "YES"; PRODUCT_BUNDLE_IDENTIFIER = "com.subsense.app.uitests"; PRODUCT_NAME = "SubSenseUITests"; TEST_TARGET_NAME = "SubSense"; LD_RUNPATH_SEARCH_PATHS = "$(inherited) @executable_path/Frameworks @loader_path/Frameworks"; SWIFT_OPTIMIZATION_LEVEL = "-Onone"; SWIFT_ACTIVE_COMPILATION_CONDITIONS = "DEBUG"; ENABLE_TESTABILITY = "YES"; }; name = Debug; };
3C29AA6C120D4EC323A661C6 = { isa = XCBuildConfiguration; buildSettings = { SDKROOT = "iphoneos"; IPHONEOS_DEPLOYMENT_TARGET = "17.0"; SWIFT_VERSION = "5.0"; CLANG_ENABLE_MODULES = "YES"; CODE_SIGN_STYLE = "Automatic"; TARGETED_DEVICE_FAMILY = "1,2"; SUPPORTS_MACCATALYST = "NO"; SUPPORTED_PLATFORMS = "iphoneos iphonesimulator"; GENERATE_INFOPLIST_FILE = "YES"; PRODUCT_BUNDLE_IDENTIFIER = "com.subsense.app.uitests"; PRODUCT_NAME = "SubSenseUITests"; TEST_TARGET_NAME = "SubSense"; LD_RUNPATH_SEARCH_PATHS = "$(inherited) @executable_path/Frameworks @loader_path/Frameworks"; SWIFT_OPTIMIZATION_LEVEL = "-O"; }; name = Release; };
2845D0E04D81E33104E2895D = { isa = XCConfigurationList; buildConfigurations = (3211EEA1644E9AAFA648AB61, 3C29AA6C120D4EC323A661C6); defaultConfigurationIsVisible = 0; defaultConfigurationName = Release; };
BFD315016DE16320F7E2120C = { isa = XCBuildConfiguration; buildSettings = { CLANG_ENABLE_MODULES = "YES"; IPHONEOS_DEPLOYMENT_TARGET = "17.0"; SWIFT_OPTIMIZATION_LEVEL = "-Onone"; SWIFT_ACTIVE_COMPILATION_CONDITIONS = "DEBUG"; ENABLE_TESTABILITY = "YES"; }; name = Debug; };
1D8C0C6B1D22EA8C7669B263 = { isa = XCBuildConfiguration; buildSettings = { CLANG_ENABLE_MODULES = "YES"; IPHONEOS_DEPLOYMENT_TARGET = "17.0"; SWIFT_OPTIMIZATION_LEVEL = "-O"; }; name = Release; };
314425BAD361EE8153704C56 = { isa = XCConfigurationList; buildConfigurations = (BFD315016DE16320F7E2120C, 1D8C0C6B1D22EA8C7669B263); defaultConfigurationIsVisible = 0; defaultConfigurationName = Release; };
0352A6A2FCE048894C87B37E = { isa = PBXNativeTarget; buildConfigurationList = E74637B165740ECB46DC56F6; buildPhases = (6805EC6AFDAFDBE18E2FF355, AF39DD055C3EF8226FBE929D, 87DF60DE337FB58864343E39); buildRules = (); dependencies = (); name = SubSense; packageProductDependencies = (EA281641D145F2D9F91A3FA8); productName = SubSense; productReference = C2B6AF95E5FB6AF04547C8EA; productType = "com.apple.product-type.application"; };
D1CEA344353E26BA6F1565ED = { isa = PBXContainerItemProxy; containerPortal = F6F4DA8D93E88A08220E03B7; proxyType = 1; remoteGlobalIDString = 0352A6A2FCE048894C87B37E; remoteInfo = SubSense; };
8BC62B80562684797FDF3D7A = { isa = PBXTargetDependency; target = 0352A6A2FCE048894C87B37E; targetProxy = D1CEA344353E26BA6F1565ED; };
C24B2138018A654E3D8BE775 = { isa = PBXNativeTarget; buildConfigurationList = 2845D0E04D81E33104E2895D; buildPhases = (A6635B5FEDD6FB619279BD2B, D6C04E321AC1AC815067AD02); buildRules = (); dependencies = (8BC62B80562684797FDF3D7A); name = SubSenseUITests; productName = SubSenseUITests; productReference = 33C337BCD18D1B1C1B2EBA2C; productType = "com.apple.product-type.bundle.ui-testing"; };
F6F4DA8D93E88A08220E03B7 = { isa = PBXProject; attributes = { BuildIndependentTargetsInParallel = YES; LastUpgradeCheck = 1600; }; buildConfigurationList = 314425BAD361EE8153704C56; compatibilityVersion = "Xcode 14.0"; developmentRegion = en; hasScannedForEncodings = 0; knownRegions = (en, Base); mainGroup = 2EB2D8158FC6EF9EB19CB439; packageReferences = (F58117D5A5E2E2F07B7A5553); productRefGroup = FE0A091FDBFB3E9C31B7A1BD; projectDirPath = ""; projectRoot = ""; targets = (0352A6A2FCE048894C87B37E, C24B2138018A654E3D8BE775); };
}; rootObject = F6F4DA8D93E88A08220E03B7;
}
